
Microsoft Visual Studio Solution File, Format Version 12.00
# Visual Studio Version 17
VisualStudioVersion = 17.10.35122.118
MinimumVisualStudioVersion = 10.0.40219.1
Project("{FAE04EC0-301F-11D3-BF4B-00C04F79EFBC}") = "StarPrintsConsoleApp", "StarPrintsConsoleApp\StarPrintsConsoleApp.csproj", "{981A821E-68E9-4C4C-99EA-4C44A0A83288}"
EndProject
Global
	GlobalSection(SolutionConfigurationPlatforms) = preSolution
		Debug|Any CPU = Debug|Any CPU
		Release|Any CPU = Release|Any CPU
	EndGlobalSection
	GlobalSection(ProjectConfigurationPlatforms) = postSolution
		{981A821E-68E9-4C4C-99EA-4C44A0A83288}.Debug|Any CPU.ActiveCfg = Debug|Any CPU
		{981A821E-68E9-4C4C-99EA-4C44A0A83288}.Debug|Any CPU.Build.0 = Debug|Any CPU
		{981A821E-68E9-4C4C-99EA-4C44A0A83288}.Release|Any CPU.ActiveCfg = Release|Any CPU
		{981A821E-68E9-4C4C-99EA-4C44A0A83288}.Release|Any CPU.Build.0 = Release|Any CPU
	EndGlobalSection
	GlobalSection(SolutionProperties) = preSolution
		HideSolutionNode = FALSE
	EndGlobalSection
	GlobalSection(ExtensibilityGlobals) = postSolution
		SolutionGuid = {6FBCC52C-3D15-481B-BA01-6B7330AB747E}
	EndGlobalSection
EndGlobal
